{
  "lockfileVersion": 1,
  "configVersion": 1,
  "workspaces": {
    "": {
      "name": "@omnidotdev/livestream",
      "dependencies": {
        "livekit-server-sdk": "^2.15.4",
      },
      "devDependencies": {
        "@livekit/components-react": "^2.9.21",
        "@livekit/components-styles": "^1.2.0",
        "@types/bun": "latest",
        "@types/react": "^19",
        "livekit-client": "^2.19.0",
        "react": "^19",
        "typescript": "^5",
      },
      "peerDependencies": {
        "@livekit/components-react": "^2.9.21",
        "@livekit/components-styles": "^1.2.0",
        "livekit-client": "^2.19.0",
        "react": ">=18",
      },
      "optionalPeers": [
        "@livekit/components-react",
        "@livekit/components-styles",
        "livekit-client",
        "react",
      ],
    },
  },
  "packages": {
    "@bufbuild/protobuf": ["@bufbuild/protobuf@1.10.1", "", {}, "sha512-wJ8ReQbHxsAfXhrf9ixl0aYbZorRuOWpBNzm8pL8ftmSxQx/wnJD5Eg861NwJU/czy2VXFIebCeZnZrI9rktIQ=="],

    "@floating-ui/core": ["@floating-ui/core@1.7.5", "", { "dependencies": { "@floating-ui/utils": "^0.2.11" } }, "sha512-1Ih4WTWyw0+lKyFMcBHGbb5U5FtuHJuujoyyr5zTaWS5EYMeT6Jb2AuDeftsCsEuchO+mM2ij5+q9crhydzLhQ=="],

    "@floating-ui/dom": ["@floating-ui/dom@1.7.4", "", { "dependencies": { "@floating-ui/core": "^1.7.3", "@floating-ui/utils": "^0.2.10" } }, "sha512-OOchDgh4F2CchOX94cRVqhvy7b3AFb+/rQXyswmzmGakRfkMgoWVjfnLWkRirfLEfuD4ysVW16eXzwt3jHIzKA=="],

    "@floating-ui/utils": ["@floating-ui/utils@0.2.11", "", {}, "sha512-RiB/yIh78pcIxl6lLMG0CgBXAZ2Y0eVHqMPYugu+9U0AeT6YBeiJpf7lbdJNIugFP5SIjwNRgo4DhR1Qxi26Gg=="],

    "@livekit/components-core": ["@livekit/components-core@0.12.13", "", { "dependencies": { "@floating-ui/dom": "1.7.4", "loglevel": "1.9.1", "rxjs": "7.8.2" }, "peerDependencies": { "livekit-client": "^2.17.2", "tslib": "^2.6.2" } }, "sha512-DQmi84afHoHjZ62wm8y+XPNIDHTwFHAltjd3lmyXj8UZHOY7wcza4vFt1xnghJOD5wLRY58L1dkAgAw59MgWvw=="],

    "@livekit/components-react": ["@livekit/components-react@2.9.21", "", { "dependencies": { "@livekit/components-core": "0.12.13", "clsx": "2.1.1", "events": "^3.3.0", "jose": "^6.0.12", "usehooks-ts": "3.1.1" }, "peerDependencies": { "@livekit/krisp-noise-filter": "^0.2.12 || ^0.3.0", "livekit-client": "^2.18.2", "react": ">=18", "react-dom": ">=18", "tslib": "^2.6.2" }, "optionalPeers": ["@livekit/krisp-noise-filter"] }, "sha512-6hU9VucJJL+gAhilNGe4MBCDCZVk64qyjP9Ck86krvOIdVU76WeWksddg1MYUP10AlUwwrfD7davz41pJTcMJw=="],

    "@livekit/components-styles": ["@livekit/components-styles@1.2.0", "", {}, "sha512-74/rt0lDh6aHmOPmWAeDE9C4OrNW9RIdmhX/YRbovQBVNGNVWojRjl3FgQZ5LPFXO6l1maKB4JhXcBFENVxVvw=="],

    "@livekit/mutex": ["@livekit/mutex@1.1.1", "", {}, "sha512-EsshAucklmpuUAfkABPxJNhzj9v2sG7JuzFDL4ML1oJQSV14sqrpTYnsaOudMAw9yOaW53NU3QQTlUQoRs4czw=="],

    "@livekit/protocol": ["@livekit/protocol@1.46.6", "", { "dependencies": { "@bufbuild/protobuf": "^1.10.0" } }, "sha512-upzlHP1vi/kZ/QqALZTFskQ0ifqc2f15RKucHYOsIHJsaXvEYanG75mAb7o+Yomfs4XhQ4BaRsdY+TFHXpaqrg=="],

    "@types/bun": ["@types/bun@1.3.14", "", { "dependencies": { "bun-types": "1.3.14" } }, "sha512-h1hFqFVcvAvD9j9K7ZW7vd82aSA+rTdznZa+5bwvCwqSB1jmmfLcbIWhOLx1/+boy/xmjgCs/OMUL8hRJSmnPw=="],

    "@types/dom-mediacapture-record": ["@types/dom-mediacapture-record@1.0.22", "", {}, "sha512-mUMZLK3NvwRLcAAT9qmcK+9p7tpU2FHdDsntR3YI4+GY88XrgG4XiE7u1Q2LAN2/FZOz/tdMDC3GQCR4T8nFuw=="],

    "@types/node": ["@types/node@26.1.0", "", { "dependencies": { "undici-types": "~8.3.0" } }, "sha512-O0A1G3xPGy4w7AgQdAQYUlQ+BKk2Oovw8eRpofyp5KdBZULnbe+WqaOVNrm705SHphCiG4XHsACrSmPu1f+Kgw=="],

    "@types/react": ["@types/react@19.2.17", "", { "dependencies": { "csstype": "^3.2.2" } }, "sha512-MXfmqaVPEVgkBT/aY0aGCkRWWtByiYQXo3xdQ8r5RzuFrPiRn8Gar2tQdXSUQ2GKV3bkXckek89V8wQBY2Q/Aw=="],

    "bun-types": ["bun-types@1.3.14", "", { "dependencies": { "@types/node": "*" } }, "sha512-4N0ig0fEomHt5R0KCFWjovxow98rIoRwKolrYdCcknNwMekCXRnWEUvgu5soYV8QXtVsrUD8B95MBOZGPvr6KQ=="],

    "camelcase": ["camelcase@8.0.0", "", {}, "sha512-8WB3Jcas3swSvjIeA2yvCJ+Miyz5l1ZmB6HFb9R1317dt9LCQoswg/BGrmAmkWVEszSrrg4RwmO46qIm2OEnSA=="],

    "camelcase-keys": ["camelcase-keys@9.1.3", "", { "dependencies": { "camelcase": "^8.0.0", "map-obj": "5.0.0", "quick-lru": "^6.1.1", "type-fest": "^4.3.2" } }, "sha512-Rircqi9ch8AnZscQcsA1C47NFdaO3wukpmIRzYcDOrmvgt78hM/sj5pZhZNec2NM12uk5vTwRHZ4anGcrC4ZTg=="],

    "clsx": ["clsx@2.1.1", "", {}, "sha512-eYm0QWBtUrBWZWG0d386OGAw16Z995PiOVo2B7bjWSbHedGl5e0ZWaq65kOGgUSNesEIDkB9ISbTg/JK9dhCZA=="],

    "csstype": ["csstype@3.2.3", "", {}, "sha512-z1HGKcYy2xA8AGQfwrn0PAy+PB7X/GSj3UVJW9qKyn43xWa+gl5nXmU4qqLMRzWVLFC8KusUX8T/0kCiOYpAIQ=="],

    "events": ["events@3.3.0", "", {}, "sha512-mQw+2fkQbALzQ7V0MY0IqdnXNOeTtP4r0lN9z7AAawCXgqea7bDii20AYrIBrFd/Hx0M2Ocz6S111CaFkUcb0Q=="],

    "jose": ["jose@6.2.3", "", {}, "sha512-YYVDInQKFJfR/xa3ojUTl8c2KoTwiL1R5Wg9YCydwH0x0B9grbzlg5HC7mMjCtUJjbQ/YnGEZIhI5tCgfTb4Hw=="],

    "livekit-client": ["livekit-client@2.20.0", "", { "dependencies": { "@livekit/mutex": "1.1.1", "@livekit/protocol": "1.46.6", "events": "^3.3.0", "jose": "^6.1.0", "loglevel": "^1.9.2", "sdp-transform": "^2.15.0", "tslib": "2.8.1", "typed-emitter": "^2.1.0", "webrtc-adapter": "9.0.5" }, "peerDependencies": { "@types/dom-mediacapture-record": "^1" } }, "sha512-RIJcpvBmOmwz3jTj3rmdY6Dzr55HrhcaJjMgY+HSmoEM+yIRyA40m7r8UKv0hnZWM3z/AYhP1q8C8ciz5UWFKQ=="],

    "livekit-server-sdk": ["livekit-server-sdk@2.16.0", "", { "dependencies": { "@bufbuild/protobuf": "^1.10.1", "@livekit/protocol": "^1.48.0", "camelcase-keys": "^9.0.0", "jose": "^5.1.2" } }, "sha512-Myr90TWbqUujvPpo0N8JS+gtY6jVKgbIRx688cVSL3mp18IVAwhDWyRzNloQBcimHg24zz1JjERTiwOw0wuFIg=="],

    "lodash.debounce": ["lodash.debounce@4.0.8", "", {}, "sha512-FT1yDzDYEoYWhnSGnpE/4Kj1fLZkDFyqRb7fNt6FdYOSxlUWAtp42Eh6Wb0rGIv/m9Bgo7x4GhQbm5Ys4SG5ow=="],

    "loglevel": ["loglevel@1.9.2", "", {}, "sha512-HgMmCqIJSAKqo68l0rS2AanEWfkxaZ5wNiEFb5ggm08lDs9Xl2KxBlX3PTcaD2chBM1gXAYf491/M2Rv8Jwayg=="],

    "map-obj": ["map-obj@5.0.0", "", {}, "sha512-2L3MIgJynYrZ3TYMriLDLWocz15okFakV6J12HXvMXDHui2x/zgChzg1u9mFFGbbGWE+GsLpQByt4POb9Or+uA=="],

    "quick-lru": ["quick-lru@6.1.2", "", {}, "sha512-AAFUA5O1d83pIHEhJwWCq/RQcRukCkn/NSm2QsTEMle5f2hP0ChI2+3Xb051PZCkLryI/Ir1MVKviT2FIloaTQ=="],

    "react": ["react@19.2.7", "", {}, "sha512-HNe9WslTbXmFK8o8cmwgAeJFSBvt1bPdHCVKtaaV+WlAN36mpT4hcRpwbf3fY56ar2oIXzsBpOAiIRHAdY0OlQ=="],

    "react-dom": ["react-dom@19.2.7", "", { "dependencies": { "scheduler": "^0.27.0" }, "peerDependencies": { "react": "^19.2.7" } }, "sha512-t0BRVXvbiE/o20Hfw669rLbMCDWtYZLvmJigy2f0MxsXF+71pxhR3xOkspmsO8h3ZlNzyibAmtCa3l4lYKk6gQ=="],

    "rxjs": ["rxjs@7.8.2", "", { "dependencies": { "tslib": "^2.1.0" } }, "sha512-dhKf903U/PQZY6boNNtAGdWbG85WAbjT/1xYoZIC7FAY0yWapOBQVsVrDl58W86//e1VpMNBtRV4MaXfdMySFA=="],

    "scheduler": ["scheduler@0.27.0", "", {}, "sha512-eNv+WrVbKu1f3vbYJT/xtiF5syA5HPIMtf9IgY/nKg0sWqzAUEvqY/xm7OcZc/qafLx/iO9FgOmeSAp4v5ti/Q=="],

    "sdp": ["sdp@3.2.2", "", {}, "sha512-xZocWwfyp4hkbN4hLWxMjmv2Q8aNa9MhmOZ7L9aCZPT+dZsgRr6wZRrSYE3HTdyk/2pZKPSgqI7ns7Een1xMSA=="],

    "sdp-transform": ["sdp-transform@2.15.0", "", { "bin": { "sdp-verify": "checker.js" } }, "sha512-KrOH82c/W+GYQ0LHqtr3caRpM3ITglq3ljGUIb8LTki7ByacJZ9z+piSGiwZDsRyhQbYBOBJgr2k6X4BZXi3Kw=="],

    "tslib": ["tslib@2.8.1", "", {}, "sha512-oJFu94HQb+KVduSUQL7wnpmqnfmLsOA/nAh6b6EH0wCEoK0/mPeXU6c3wKDV83MkOuHPRHtSXKKU99IBazS/2w=="],

    "type-fest": ["type-fest@4.41.0", "", {}, "sha512-TeTSQ6H5YHvpqVwBRcnLDCBnDOHWYu7IvGbHT6N8AOymcr9PJGjc1GTtiWZTYg0NCgYwvnYWEkVChQAr9bjfwA=="],

    "typed-emitter": ["typed-emitter@2.1.0", "", { "optionalDependencies": { "rxjs": "*" } }, "sha512-g/KzbYKbH5C2vPkaXGu8DJlHrGKHLsM25Zg9WuC9pMGfuvT+X25tZQWo5fK1BjBm8+UrVE9LDCvaY0CQk+fXDA=="],

    "typescript": ["typescript@5.9.3", "", { "bin": { "tsc": "bin/tsc", "tsserver": "bin/tsserver" } }, "sha512-jl1vZzPDinLr9eUt3J/t7V6FgNEw9QjvBPdysz9KfQDD41fQrC2Y4vKQdiaUpFT4bXlb1RHhLpp8wtm6M5TgSw=="],

    "undici-types": ["undici-types@8.3.0", "", {}, "sha512-j375ScV60dom+YkPFIfTLcOiPxkN/buHz5GobjLhixFuANaNs3C9l4GmrWqejgXWJ7BbJcFYpTEUkS1Ge8bpZQ=="],

    "usehooks-ts": ["usehooks-ts@3.1.1", "", { "dependencies": { "lodash.debounce": "^4.0.8" }, "peerDependencies": { "react": "^16.8.0  || ^17 || ^18 || ^19 || ^19.0.0-rc" } }, "sha512-I4diPp9Cq6ieSUH2wu+fDAVQO43xwtulo+fKEidHUwZPnYImbtkTjzIJYcDcJqxgmX31GVqNFURodvcgHcW0pA=="],

    "webrtc-adapter": ["webrtc-adapter@9.0.5", "", { "dependencies": { "sdp": "^3.2.0" } }, "sha512-U9vjByy/sK2OMXu5mmfuZFKTMIUQe34c0JXRO+oDrxJTsntdYT2iIFwYMOV7HhMTuktcZLGf2W1N/OcSf9ssWg=="],

    "@livekit/components-core/loglevel": ["loglevel@1.9.1", "", {}, "sha512-hP3I3kCrDIMuRwAwHltphhDM1r8i55H33GgqjXbrisuJhF4kRhW1dNuxsRklp4bXl8DSdLaNLuiL4A/LWRfxvg=="],

    "livekit-server-sdk/@livekit/protocol": ["@livekit/protocol@1.49.0", "", { "dependencies": { "@bufbuild/protobuf": "^1.10.0" } }, "sha512-TCmihwjHBWAUdNrqvmrN/K59r7vDnPIy3OEaE3p0g4FvdcQTiLynmFC3igR25Q2fnifahhAJjnnfSCtWUK7kYg=="],

    "livekit-server-sdk/jose": ["jose@5.10.0", "", {}, "sha512-s+3Al/p9g32Iq+oqXxkW//7jk2Vig6FF1CFqzVXoTUXt2qz89YWbL+OwS17NFYEvxC35n0FKeGO2LGYSxeM2Gg=="],
  }
}
